
Microsoft Visual Studio Solution File, Format Version 12.00
# Visual Studio Version 17
VisualStudioVersion = 17.4.33122.133
MinimumVisualStudioVersion = 10.0.40219.1
Project("{FAE04EC0-301F-11D3-BF4B-00C04F79EFBC}") = "ContactPro", "ContactPro.csproj", "{586CDFBA-8328-4DB1-A405-609BF848B20A}"
EndProject
Global
	GlobalSection(SolutionConfigurationPlatforms) = preSolution
		Debug|Any CPU = Debug|Any CPU
		Release|Any CPU = Release|Any CPU
	EndGlobalSection
	GlobalSection(ProjectConfigurationPlatforms) = postSolution
		{586CDFBA-8328-4DB1-A405-609BF848B20A}.Debug|Any CPU.ActiveCfg = Debug|Any CPU
		{586CDFBA-8328-4DB1-A405-609BF848B20A}.Debug|Any CPU.Build.0 = Debug|Any CPU
		{586CDFBA-8328-4DB1-A405-609BF848B20A}.Release|Any CPU.ActiveCfg = Release|Any CPU
		{586CDFBA-8328-4DB1-A405-609BF848B20A}.Release|Any CPU.Build.0 = Release|Any CPU
	EndGlobalSection
	GlobalSection(SolutionProperties) = preSolution
		HideSolutionNode = FALSE
	EndGlobalSection
	GlobalSection(ExtensibilityGlobals) = postSolution
		SolutionGuid = {26733D7B-9041-4C3D-8428-0F052C03C64D}
	EndGlobalSection
EndGlobal
